
Microsoft Visual Studio Solution File, Format Version 12.00
# Visual Studio 15
VisualStudioVersion = 15.0.28010.2003
MinimumVisualStudioVersion = 10.0.40219.1
Project("{F184B08F-C81C-45F6-A57F-5ABD9991F28F}") = "HDD-LED", "HDD-LED\HDD-LED.vbproj", "{98A17076-917F-4981-A539-2153A6558ED2}"
EndProject
Global
	GlobalSection(SolutionConfigurationPlatforms) = preSolution
		Debug|Any CPU = Debug|Any CPU
		Release|Any CPU = Release|Any CPU
	EndGlobalSection
	GlobalSection(ProjectConfigurationPlatforms) = postSolution
		{98A17076-917F-4981-A539-2153A6558ED2}.Debug|Any CPU.ActiveCfg = Debug|Any CPU
		{98A17076-917F-4981-A539-2153A6558ED2}.Debug|Any CPU.Build.0 = Debug|Any CPU
		{98A17076-917F-4981-A539-2153A6558ED2}.Release|Any CPU.ActiveCfg = Release|Any CPU
		{98A17076-917F-4981-A539-2153A6558ED2}.Release|Any CPU.Build.0 = Release|Any CPU
	EndGlobalSection
	GlobalSection(SolutionProperties) = preSolution
		HideSolutionNode = FALSE
	EndGlobalSection
	GlobalSection(ExtensibilityGlobals) = postSolution
		SolutionGuid = {4822E6A0-06CC-4F95-AB48-FEE131592632}
	EndGlobalSection
EndGlobal
